
Microsoft Visual Studio Solution File, Format Version 12.00
# Visual Studio Version 17
VisualStudioVersion = 17.9.34714.143
MinimumVisualStudioVersion = 10.0.40219.1
Project("{FAE04EC0-301F-11D3-BF4B-00C04F79EFBC}") = "TP_FUNDA_GRUPO1", "TP_FUNDA_GRUPO1\TP_FUNDA_GRUPO1.csproj", "{5C38C772-4E38-44C1-8E13-2013EE1A738C}"
EndProject
Global
	GlobalSection(SolutionConfigurationPlatforms) = preSolution
		Debug|Any CPU = Debug|Any CPU
		Release|Any CPU = Release|Any CPU
	EndGlobalSection
	GlobalSection(ProjectConfigurationPlatforms) = postSolution
		{5C38C772-4E38-44C1-8E13-2013EE1A738C}.Debug|Any CPU.ActiveCfg = Debug|Any CPU
		{5C38C772-4E38-44C1-8E13-2013EE1A738C}.Debug|Any CPU.Build.0 = Debug|Any CPU
		{5C38C772-4E38-44C1-8E13-2013EE1A738C}.Release|Any CPU.ActiveCfg = Release|Any CPU
		{5C38C772-4E38-44C1-8E13-2013EE1A738C}.Release|Any CPU.Build.0 = Release|Any CPU
	EndGlobalSection
	GlobalSection(SolutionProperties) = preSolution
		HideSolutionNode = FALSE
	EndGlobalSection
	GlobalSection(ExtensibilityGlobals) = postSolution
		SolutionGuid = {BC50DA80-8F02-46DE-AFF6-F8E65718DEDF}
	EndGlobalSection
EndGlobal
